
Microsoft Visual Studio Solution File, Format Version 12.00
# Visual Studio Version 17
VisualStudioVersion = 17.3.32901.215
MinimumVisualStudioVersion = 10.0.40219.1
Project("{FAE04EC0-301F-11D3-BF4B-00C04F79EFBC}") = "Document Distance", "Document Distance\Document Distance.csproj", "{BE5ACCB2-9BC6-49C1-B52A-78DC61665EBA}"
EndProject
Global
	GlobalSection(SolutionConfigurationPlatforms) = preSolution
		Debug|Any CPU = Debug|Any CPU
		Release|Any CPU = Release|Any CPU
	EndGlobalSection
	GlobalSection(ProjectConfigurationPlatforms) = postSolution
		{BE5ACCB2-9BC6-49C1-B52A-78DC61665EBA}.Debug|Any CPU.ActiveCfg = Debug|Any CPU
		{BE5ACCB2-9BC6-49C1-B52A-78DC61665EBA}.Debug|Any CPU.Build.0 = Debug|Any CPU
		{BE5ACCB2-9BC6-49C1-B52A-78DC61665EBA}.Release|Any CPU.ActiveCfg = Release|Any CPU
		{BE5ACCB2-9BC6-49C1-B52A-78DC61665EBA}.Release|Any CPU.Build.0 = Release|Any CPU
	EndGlobalSection
	GlobalSection(SolutionProperties) = preSolution
		HideSolutionNode = FALSE
	EndGlobalSection
	GlobalSection(ExtensibilityGlobals) = postSolution
		SolutionGuid = {80D8E28D-C25B-4F50-9F17-B94A191F8655}
	EndGlobalSection
EndGlobal
